{
  "name": "exception-formatter",
  "version": "1.0.6",
  "lockfileVersion": 1,
  "requires": true,
  "dependencies": {
    "chai": {
      "version": "3.4.1",
      "resolved": "https://registry.npmjs.org/chai/-/chai-3.4.1.tgz",
      "integrity": "sha1-Mwri+BkSTCYYIDb6XkOojqThvYU=",
      "dev": true,
      "requires": {
        "assertion-error": "^1.0.1",
        "deep-eql": "^0.1.3",
        "type-detect": "^1.0.0"
      },
      "dependencies": {
        "assertion-error": {
          "version": "1.0.1",
          "resolved": "https://registry.npmjs.org/assertion-error/-/assertion-error-1.0.1.tgz",
          "integrity": "sha1-NaruwzCX8R9COZ7K3zP6zNJ/XEw=",
          "dev": true
        },
        "deep-eql": {
          "version": "0.1.3",
          "resolved": "https://registry.npmjs.org/deep-eql/-/deep-eql-0.1.3.tgz",
          "integrity": "sha1-71WKyrjeJSBs1xOQbXTlaTDrafI=",
          "dev": true,
          "requires": {
            "type-detect": "0.1.1"
          },
          "dependencies": {
            "type-detect": {
              "version": "0.1.1",
              "resolved": "https://registry.npmjs.org/type-detect/-/type-detect-0.1.1.tgz",
              "integrity": "sha1-C6XsKohWQORw6k6FBZcZANrFiCI=",
              "dev": true
            }
          }
        },
        "type-detect": {
          "version": "1.0.0",
          "resolved": "https://registry.npmjs.org/type-detect/-/type-detect-1.0.0.tgz",
          "integrity": "sha1-diIXzAbbJY7EiQihKY6LlRIejqI=",
          "dev": true
        }
      }
    },
    "coffee-coverage": {
      "version": "0.7.0",
      "integrity": "sha1-VJMIs9sJuz8IeOvPRpW6GCsaOLI=",
      "dev": true,
      "requires": {
        "argparse": "^1.0.2",
        "coffee-script": ">=1.6.2",
        "lodash": "^3.7.0",
        "pkginfo": ">=0.2.3"
      },
      "dependencies": {
        "argparse": {
          "version": "1.0.3",
          "resolved": "https://registry.npmjs.org/argparse/-/argparse-1.0.3.tgz",
          "integrity": "sha1-FDid7rDCj8TNqUBbn1MqTjeFzoQ=",
          "dev": true,
          "requires": {
            "lodash": ">= 3.2.0 < 4.0.0",
            "sprintf-js": "~1.0.2"
          },
          "dependencies": {
            "sprintf-js": {
              "version": "1.0.3",
              "resolved": "https://registry.npmjs.org/sprintf-js/-/sprintf-js-1.0.3.tgz",
              "integrity": "sha1-BOaSb2YolTVPPdAVIDYzuFcpfiw=",
              "dev": true
            }
          }
        },
        "lodash": {
          "version": "3.10.1",
          "resolved": "https://registry.npmjs.org/lodash/-/lodash-3.10.1.tgz",
          "integrity": "sha1-W/Rejkm6QYnhfUgnid/RW9FAt7Y=",
          "dev": true
        },
        "pkginfo": {
          "version": "0.3.1",
          "resolved": "https://registry.npmjs.org/pkginfo/-/pkginfo-0.3.1.tgz",
          "integrity": "sha1-Wyn2qB9wcXFC4J52W76rl7T4HiE=",
          "dev": true
        }
      }
    },
    "coffee-script": {
      "version": "1.8.0",
      "resolved": "https://registry.npmjs.org/coffee-script/-/coffee-script-1.8.0.tgz",
      "integrity": "sha1-nJ8dK0pSoADe0Vtll5FwNkgmPB0=",
      "dev": true,
      "requires": {
        "mkdirp": "~0.3.5"
      },
      "dependencies": {
        "mkdirp": {
          "version": "0.3.5",
          "resolved": "https://registry.npmjs.org/mkdirp/-/mkdirp-0.3.5.tgz",
          "integrity": "sha1-3j5fiWHIjHh+4TaN+EmsRBPsqNc=",
          "dev": true
        }
      }
    },
    "colors": {
      "version": "1.0.3",
      "resolved": "https://registry.npmjs.org/colors/-/colors-1.0.3.tgz",
      "integrity": "sha1-BDP0TYCWgP3rYO0mDxsMJi6CpAs="
    },
    "coveralls": {
      "version": "2.11.4",
      "resolved": "https://registry.npmjs.org/coveralls/-/coveralls-2.11.4.tgz",
      "integrity": "sha1-tC9OFW9rqUGdJ0NKQokJTyGSZ/c=",
      "dev": true,
      "requires": {
        "js-yaml": "3.0.1",
        "lcov-parse": "0.0.6",
        "log-driver": "1.2.4",
        "request": "2.40.0"
      },
      "dependencies": {
        "js-yaml": {
          "version": "3.0.1",
          "resolved": "https://registry.npmjs.org/js-yaml/-/js-yaml-3.0.1.tgz",
          "integrity": "sha1-dkBf6lvOMPyPQF1Ixtyn8KMsav4=",
          "dev": true,
          "requires": {
            "argparse": "~ 0.1.11",
            "esprima": "~ 1.0.2"
          },
          "dependencies": {
            "argparse": {
              "version": "0.1.16",
              "resolved": "https://registry.npmjs.org/argparse/-/argparse-0.1.16.tgz",
              "integrity": "sha1-z9AeD7uj1srtBJ+9dY1A9lGW9Xw=",
              "dev": true,
              "requires": {
                "underscore": "~1.7.0",
                "underscore.string": "~2.4.0"
              },
              "dependencies": {
                "underscore": {
                  "version": "1.7.0",
                  "resolved": "https://registry.npmjs.org/underscore/-/underscore-1.7.0.tgz",
                  "integrity": "sha1-a7rwh3UA02vjTsqlhODbn+8DUgk=",
                  "dev": true
                },
                "underscore.string": {
                  "version": "2.4.0",
                  "resolved": "https://registry.npmjs.org/underscore.string/-/underscore.string-2.4.0.tgz",
                  "integrity": "sha1-jN2PusTi0uoefi6Al8QvRCKA+Fs=",
                  "dev": true
                }
              }
            },
            "esprima": {
              "version": "1.0.4",
              "resolved": "https://registry.npmjs.org/esprima/-/esprima-1.0.4.tgz",
              "integrity": "sha1-n1V+CPw7TSbs6d00+Pv0drYlha0=",
              "dev": true
            }
          }
        },
        "lcov-parse": {
          "version": "0.0.6",
          "resolved": "https://registry.npmjs.org/lcov-parse/-/lcov-parse-0.0.6.tgz",
          "integrity": "sha1-gZ5dqL8HkfnT857qXtGGgYfxEXU=",
          "dev": true
        },
        "log-driver": {
          "version": "1.2.4",
          "resolved": "https://registry.npmjs.org/log-driver/-/log-driver-1.2.4.tgz",
          "integrity": "sha1-LWLX+u9F2KcTQZYaBLB2HsqZz6M=",
          "dev": true
        },
        "request": {
          "version": "2.40.0",
          "resolved": "https://registry.npmjs.org/request/-/request-2.40.0.tgz",
          "integrity": "sha1-TdZw9pbx5uhC5mtLXoOTAaub62c=",
          "dev": true,
          "requires": {
            "aws-sign2": "~0.5.0",
            "forever-agent": "~0.5.0",
            "form-data": "~0.1.0",
            "hawk": "1.1.1",
            "http-signature": "~0.10.0",
            "json-stringify-safe": "~5.0.0",
            "mime-types": "~1.0.1",
            "node-uuid": "~1.4.0",
            "oauth-sign": "~0.3.0",
            "qs": "~1.0.0",
            "stringstream": "~0.0.4",
            "tough-cookie": ">=0.12.0",
            "tunnel-agent": "~0.4.0"
          },
          "dependencies": {
            "aws-sign2": {
              "version": "0.5.0",
              "resolved": "https://registry.npmjs.org/aws-sign2/-/aws-sign2-0.5.0.tgz",
              "integrity": "sha1-xXED96F/wDfwLXwuZLYC6iI/fWM=",
              "dev": true,
              "optional": true
            },
            "forever-agent": {
              "version": "0.5.2",
              "resolved": "https://registry.npmjs.org/forever-agent/-/forever-agent-0.5.2.tgz",
              "integrity": "sha1-bQ4JxJIflKJ/Y9O0nF/v8epMUTA=",
              "dev": true
            },
            "form-data": {
              "version": "0.1.4",
              "resolved": "https://registry.npmjs.org/form-data/-/form-data-0.1.4.tgz",
              "integrity": "sha1-kavXiKupcCsaq/qLwBAxoqyeOxI=",
              "dev": true,
              "optional": true,
              "requires": {
                "async": "~0.9.0",
                "combined-stream": "~0.0.4",
                "mime": "~1.2.11"
              },
              "dependencies": {
                "async": {
                  "version": "0.9.2",
                  "resolved": "https://registry.npmjs.org/async/-/async-0.9.2.tgz",
                  "integrity": "sha1-rqdNXmHB+JlhO/ZL2mbUx48v0X0=",
                  "dev": true,
                  "optional": true
                },
                "combined-stream": {
                  "version": "0.0.7",
                  "resolved": "https://registry.npmjs.org/combined-stream/-/combined-stream-0.0.7.tgz",
                  "integrity": "sha1-ATfmV7qlp1QcV6w3rF/AfXO03B8=",
                  "dev": true,
                  "optional": true,
                  "requires": {
                    "delayed-stream": "0.0.5"
                  },
                  "dependencies": {
                    "delayed-stream": {
                      "version": "0.0.5",
                      "resolved": "https://registry.npmjs.org/delayed-stream/-/delayed-stream-0.0.5.tgz",
                      "integrity": "sha1-1LH0OpPoKW3+AmlPRoC8N6MTxz8=",
                      "dev": true,
                      "optional": true
                    }
                  }
                },
                "mime": {
                  "version": "1.2.11",
                  "resolved": "https://registry.npmjs.org/mime/-/mime-1.2.11.tgz",
                  "integrity": "sha1-WCA+7Ybjpe8XrtK32evUfwpg3RA=",
                  "dev": true,
                  "optional": true
                }
              }
            },
            "hawk": {
              "version": "1.1.1",
              "resolved": "https://registry.npmjs.org/hawk/-/hawk-1.1.1.tgz",
              "integrity": "sha1-h81JH5tG5OKurKM1QWdmiF0tHtk=",
              "dev": true,
              "optional": true,
              "requires": {
                "boom": "0.4.x",
                "cryptiles": "0.2.x",
                "hoek": "0.9.x",
                "sntp": "0.2.x"
              },
              "dependencies": {
                "boom": {
                  "version": "0.4.2",
                  "resolved": "https://registry.npmjs.org/boom/-/boom-0.4.2.tgz",
                  "integrity": "sha1-emNune1O/O+xnO9JR6PGffrukRs=",
                  "dev": true,
                  "requires": {
                    "hoek": "0.9.x"
                  }
                },
                "cryptiles": {
                  "version": "0.2.2",
                  "resolved": "https://registry.npmjs.org/cryptiles/-/cryptiles-0.2.2.tgz",
                  "integrity": "sha1-7ZH/HxetE9N0gohZT4pIoNJvMlw=",
                  "dev": true,
                  "optional": true,
                  "requires": {
                    "boom": "0.4.x"
                  }
                },
                "hoek": {
                  "version": "0.9.1",
                  "resolved": "https://registry.npmjs.org/hoek/-/hoek-0.9.1.tgz",
                  "integrity": "sha1-PTIkYrrfB3Fup+uFuviAec3c5QU=",
                  "dev": true
                },
                "sntp": {
                  "version": "0.2.4",
                  "resolved": "https://registry.npmjs.org/sntp/-/sntp-0.2.4.tgz",
                  "integrity": "sha1-+4hfGLDzqtGJ+CSGJTa87ux1CQA=",
                  "dev": true,
                  "optional": true,
                  "requires": {
                    "hoek": "0.9.x"
                  }
                }
              }
            },
            "http-signature": {
              "version": "0.10.1",
              "resolved": "https://registry.npmjs.org/http-signature/-/http-signature-0.10.1.tgz",
              "integrity": "sha1-T72sEyVZqoMjEh5UB3nAoBKyfmY=",
              "dev": true,
              "optional": true,
              "requires": {
                "asn1": "0.1.11",
                "assert-plus": "^0.1.5",
                "ctype": "0.5.3"
              },
              "dependencies": {
                "asn1": {
                  "version": "0.1.11",
                  "resolved": "https://registry.npmjs.org/asn1/-/asn1-0.1.11.tgz",
                  "integrity": "sha1-VZvhg3bQik7E2+gId9J4GGObLfc=",
                  "dev": true,
                  "optional": true
                },
                "assert-plus": {
                  "version": "0.1.5",
                  "resolved": "https://registry.npmjs.org/assert-plus/-/assert-plus-0.1.5.tgz",
                  "integrity": "sha1-7nQAlBMALYTOxyGcasgRgS5yMWA=",
                  "dev": true,
                  "optional": true
                },
                "ctype": {
                  "version": "0.5.3",
                  "resolved": "https://registry.npmjs.org/ctype/-/ctype-0.5.3.tgz",
                  "integrity": "sha1-gsGMJGH3QRTvFsE1IkrQuRRMoS8=",
                  "dev": true,
                  "optional": true
                }
              }
            },
            "json-stringify-safe": {
              "version": "5.0.1",
              "resolved": "https://registry.npmjs.org/json-stringify-safe/-/json-stringify-safe-5.0.1.tgz",
              "integrity": "sha1-Epai1Y/UXxmg9s4B1lcB4sc1tus=",
              "dev": true
            },
            "mime-types": {
              "version": "1.0.2",
              "resolved": "https://registry.npmjs.org/mime-types/-/mime-types-1.0.2.tgz",
              "integrity": "sha1-mVrhOSq4r/y/yyZB3QVOlDwNXc4=",
              "dev": true
            },
            "node-uuid": {
              "version": "1.4.3",
              "resolved": "https://registry.npmjs.org/node-uuid/-/node-uuid-1.4.3.tgz",
              "integrity": "sha1-MZu3pW58tj8AtcDNeFHNS03fHfk=",
              "dev": true
            },
            "oauth-sign": {
              "version": "0.3.0",
              "resolved": "https://registry.npmjs.org/oauth-sign/-/oauth-sign-0.3.0.tgz",
              "integrity": "sha1-y1QPk7srIqfVlBaRoojWDo6pOG4=",
              "dev": true,
              "optional": true
            },
            "qs": {
              "version": "1.0.2",
              "resolved": "https://registry.npmjs.org/qs/-/qs-1.0.2.tgz",
              "integrity": "sha1-UKk+K1r2aRwxvOpdrnjubqGQN2g=",
              "dev": true
            },
            "stringstream": {
              "version": "0.0.5",
              "resolved": "https://registry.npmjs.org/stringstream/-/stringstream-0.0.5.tgz",
              "integrity": "sha1-TkhM1N5aC7vuGORjB3EKioFiGHg=",
              "dev": true,
              "optional": true
            },
            "tough-cookie": {
              "version": "2.2.0",
              "resolved": "https://registry.npmjs.org/tough-cookie/-/tough-cookie-2.2.0.tgz",
              "integrity": "sha1-1M5mEHXl/dt/IDQdP5kxpvu63eA=",
              "dev": true,
              "optional": true
            },
            "tunnel-agent": {
              "version": "0.4.1",
              "resolved": "https://registry.npmjs.org/tunnel-agent/-/tunnel-agent-0.4.1.tgz",
              "integrity": "sha1-u+7P9NZ5znU9uUYnYaiN/Ow8WrM=",
              "dev": true,
              "optional": true
            }
          }
        }
      }
    },
    "istanbul": {
      "version": "0.4.0",
      "resolved": "https://registry.npmjs.org/istanbul/-/istanbul-0.4.0.tgz",
      "integrity": "sha1-BYuEN2RPhvOzDxi7NVqVl1p/3ng=",
      "dev": true,
      "requires": {
        "abbrev": "1.0.x",
        "async": "1.x",
        "escodegen": "1.7.x",
        "esprima": "2.5.x",
        "fileset": "0.2.x",
        "handlebars": "^4.0.1",
        "js-yaml": "3.x",
        "mkdirp": "0.5.x",
        "nopt": "3.x",
        "once": "1.x",
        "resolve": "1.1.x",
        "supports-color": "^3.1.0",
        "which": "^1.1.1",
        "wordwrap": "^1.0.0"
      },
      "dependencies": {
        "abbrev": {
          "version": "1.0.7",
          "resolved": "https://registry.npmjs.org/abbrev/-/abbrev-1.0.7.tgz",
          "integrity": "sha1-W2A1su6dT7XPhZ8Iqb6BsghJGEM=",
          "dev": true
        },
        "async": {
          "version": "1.5.0",
          "resolved": "https://registry.npmjs.org/async/-/async-1.5.0.tgz",
          "integrity": "sha1-J5ZkJyNXOFlWVjP8YnRES+4vjOM=",
          "dev": true
        },
        "escodegen": {
          "version": "1.7.0",
          "resolved": "https://registry.npmjs.org/escodegen/-/escodegen-1.7.0.tgz",
          "integrity": "sha1-TimdjMMwh7fynBniuehDYqvjVFM=",
          "dev": true,
          "requires": {
            "esprima": "^1.2.2",
            "estraverse": "^1.9.1",
            "esutils": "^2.0.2",
            "optionator": "^0.5.0",
            "source-map": "~0.2.0"
          },
          "dependencies": {
            "esprima": {
              "version": "1.2.5",
              "resolved": "https://registry.npmjs.org/esprima/-/esprima-1.2.5.tgz",
              "integrity": "sha1-CZNQL+r2aBODJXVvMPmlH+7sEek=",
              "dev": true
            },
            "estraverse": {
              "version": "1.9.3",
              "resolved": "https://registry.npmjs.org/estraverse/-/estraverse-1.9.3.tgz",
              "integrity": "sha1-r2fy3JIlgkFZUJJgkaQAXSnJu0Q=",
              "dev": true
            },
            "esutils": {
              "version": "2.0.2",
              "resolved": "https://registry.npmjs.org/esutils/-/esutils-2.0.2.tgz",
              "integrity": "sha1-Cr9PHKpbyx96nYrMbepPqqBLrJs=",
              "dev": true
            },
            "optionator": {
              "version": "0.5.0",
              "resolved": "https://registry.npmjs.org/optionator/-/optionator-0.5.0.tgz",
              "integrity": "sha1-t1qJlaLUF98ltuTjhi9QqohlE2g=",
              "dev": true,
              "requires": {
                "deep-is": "~0.1.2",
                "fast-levenshtein": "~1.0.0",
                "levn": "~0.2.5",
                "prelude-ls": "~1.1.1",
                "type-check": "~0.3.1",
                "wordwrap": "~0.0.2"
              },
              "dependencies": {
                "deep-is": {
                  "version": "0.1.3",
                  "resolved": "https://registry.npmjs.org/deep-is/-/deep-is-0.1.3.tgz",
                  "integrity": "sha1-s2nW+128E+7PUk+RsHD+7cNXzzQ=",
                  "dev": true
                },
                "fast-levenshtein": {
                  "version": "1.0.7",
                  "resolved": "https://registry.npmjs.org/fast-levenshtein/-/fast-levenshtein-1.0.7.tgz",
                  "integrity": "sha1-AXjc3uAjuSkFGTrwlZ6KdjnP3Lk=",
                  "dev": true
                },
                "levn": {
                  "version": "0.2.5",
                  "resolved": "https://registry.npmjs.org/levn/-/levn-0.2.5.tgz",
                  "integrity": "sha1-uo0znQykphDjo/FFucr0iAcVUFQ=",
                  "dev": true,
                  "requires": {
                    "prelude-ls": "~1.1.0",
                    "type-check": "~0.3.1"
                  }
                },
                "prelude-ls": {
                  "version": "1.1.2",
                  "resolved": "https://registry.npmjs.org/prelude-ls/-/prelude-ls-1.1.2.tgz",
                  "integrity": "sha1-IZMqVJ9eUv/ZqCf1cOBL5iqX2lQ=",
                  "dev": true
                },
                "type-check": {
                  "version": "0.3.1",
                  "resolved": "https://registry.npmjs.org/type-check/-/type-check-0.3.1.tgz",
                  "integrity": "sha1-kjOSPE2hdNCsVIDs/W74TDSetY0=",
                  "dev": true,
                  "requires": {
                    "prelude-ls": "~1.1.0"
                  }
                },
                "wordwrap": {
                  "version": "0.0.3",
                  "resolved": "https://registry.npmjs.org/wordwrap/-/wordwrap-0.0.3.tgz",
                  "integrity": "sha1-o9XabNXAvAAI03I0u68b7WMFkQc=",
                  "dev": true
                }
              }
            },
            "source-map": {
              "version": "0.2.0",
              "resolved": "https://registry.npmjs.org/source-map/-/source-map-0.2.0.tgz",
              "integrity": "sha1-2rc/vPwrqBm03gO9b26qSBZLP50=",
              "dev": true,
              "optional": true,
              "requires": {
                "amdefine": ">=0.0.4"
              },
              "dependencies": {
                "amdefine": {
                  "version": "1.0.0",
                  "resolved": "https://registry.npmjs.org/amdefine/-/amdefine-1.0.0.tgz",
                  "integrity": "sha1-/RdHRwDLXMnCtwnwvp0jzjwZjDM=",
                  "dev": true,
                  "optional": true
                }
              }
            }
          }
        },
        "esprima": {
          "version": "2.5.0",
          "resolved": "https://registry.npmjs.org/esprima/-/esprima-2.5.0.tgz",
          "integrity": "sha1-84ekb9NEwbGjm6+MIL+0O20AWMw=",
          "dev": true
        },
        "fileset": {
          "version": "0.2.1",
          "resolved": "https://registry.npmjs.org/fileset/-/fileset-0.2.1.tgz",
          "integrity": "sha1-WI74lzxmI7KnbfRlEFaWuWqsgGc=",
          "dev": true,
          "requires": {
            "glob": "5.x",
            "minimatch": "2.x"
          },
          "dependencies": {
            "glob": {
              "version": "5.0.15",
              "resolved": "https://registry.npmjs.org/glob/-/glob-5.0.15.tgz",
              "integrity": "sha1-G8k2ueAvSmA/zCIuz3Yz0wuLk7E=",
              "dev": true,
              "requires": {
                "inflight": "^1.0.4",
                "inherits": "2",
                "minimatch": "2 || 3",
                "once": "^1.3.0",
                "path-is-absolute": "^1.0.0"
              },
              "dependencies": {
                "inflight": {
                  "version": "1.0.4",
                  "resolved": "https://registry.npmjs.org/inflight/-/inflight-1.0.4.tgz",
                  "integrity": "sha1-bLtFIevVHODsCpNr/XZX736bFyo=",
                  "dev": true,
                  "requires": {
                    "once": "^1.3.0",
                    "wrappy": "1"
                  },
                  "dependencies": {
                    "wrappy": {
                      "version": "1.0.1",
                      "resolved": "https://registry.npmjs.org/wrappy/-/wrappy-1.0.1.tgz",
                      "integrity": "sha1-HmWWmWXMvC20VIxrhKbyxa7dRzk=",
                      "dev": true
                    }
                  }
                },
                "inherits": {
                  "version": "2.0.1",
                  "resolved": "https://registry.npmjs.org/inherits/-/inherits-2.0.1.tgz",
                  "integrity": "sha1-sX0I0ya0Qj5Wjv9xn5GwscvfafE=",
                  "dev": true
                },
                "path-is-absolute": {
                  "version": "1.0.0",
                  "resolved": "https://registry.npmjs.org/path-is-absolute/-/path-is-absolute-1.0.0.tgz",
                  "integrity": "sha1-Jj2tpmqz8vsQv3+dJN2PPlcO+RI=",
                  "dev": true
                }
              }
            },
            "minimatch": {
              "version": "2.0.10",
              "resolved": "https://registry.npmjs.org/minimatch/-/minimatch-2.0.10.tgz",
              "integrity": "sha1-jQh8OcazjAAbl/ynzm0OHoCvusc=",
              "dev": true,
              "requires": {
                "brace-expansion": "^1.0.0"
              },
              "dependencies": {
                "brace-expansion": {
                  "version": "1.1.1",
                  "resolved": "https://registry.npmjs.org/brace-expansion/-/brace-expansion-1.1.1.tgz",
                  "integrity": "sha1-2l+3iu9MRMnkrPUlBk+zII66sEU=",
                  "dev": true,
                  "requires": {
                    "balanced-match": "^0.2.0",
                    "concat-map": "0.0.1"
                  },
                  "dependencies": {
                    "balanced-match": {
                      "version": "0.2.1",
                      "resolved": "https://registry.npmjs.org/balanced-match/-/balanced-match-0.2.1.tgz",
                      "integrity": "sha1-e8ZYtL7WHu5CStdPdfXD4sTfPMc=",
                      "dev": true
                    },
                    "concat-map": {
                      "version": "0.0.1",
                      "resolved": "https://registry.npmjs.org/concat-map/-/concat-map-0.0.1.tgz",
                      "integrity": "sha1-2Klr13/Wjfd5OnMDajug1UBdR3s=",
                      "dev": true
                    }
                  }
                }
              }
            }
          }
        },
        "handlebars": {
          "version": "4.0.4",
          "resolved": "https://registry.npmjs.org/handlebars/-/handlebars-4.0.4.tgz",
          "integrity": "sha1-ErlOnEyvphJCSxwTrd9hLA0qXyk=",
          "dev": true,
          "requires": {
            "async": "^1.4.0",
            "optimist": "^0.6.1",
            "source-map": "^0.4.4",
            "uglify-js": "~2.4"
          },
          "dependencies": {
            "optimist": {
              "version": "0.6.1",
              "resolved": "https://registry.npmjs.org/optimist/-/optimist-0.6.1.tgz",
              "integrity": "sha1-2j6nRob6IaGaERwybpDrFaAZZoY=",
              "dev": true,
              "requires": {
                "minimist": "~0.0.1",
                "wordwrap": "~0.0.2"
              },
              "dependencies": {
                "minimist": {
                  "version": "0.0.10",
                  "resolved": "https://registry.npmjs.org/minimist/-/minimist-0.0.10.tgz",
                  "integrity": "sha1-3j+YVD2/lggr5IrRoMfNqDYwHc8=",
                  "dev": true
                },
                "wordwrap": {
                  "version": "0.0.3",
                  "resolved": "https://registry.npmjs.org/wordwrap/-/wordwrap-0.0.3.tgz",
                  "integrity": "sha1-o9XabNXAvAAI03I0u68b7WMFkQc=",
                  "dev": true
                }
              }
            },
            "source-map": {
              "version": "0.4.4",
              "resolved": "https://registry.npmjs.org/source-map/-/source-map-0.4.4.tgz",
              "integrity": "sha1-66T12pwNyZneaAMti092FzZSA2s=",
              "dev": true,
              "requires": {
                "amdefine": ">=0.0.4"
              },
              "dependencies": {
                "amdefine": {
                  "version": "1.0.0",
                  "resolved": "https://registry.npmjs.org/amdefine/-/amdefine-1.0.0.tgz",
                  "integrity": "sha1-/RdHRwDLXMnCtwnwvp0jzjwZjDM=",
                  "dev": true
                }
              }
            },
            "uglify-js": {
              "version": "2.4.24",
              "resolved": "https://registry.npmjs.org/uglify-js/-/uglify-js-2.4.24.tgz",
              "integrity": "sha1-+tV1XB4Vd2WLsG/5q25UjJW+vW4=",
              "dev": true,
              "optional": true,
              "requires": {
                "async": "~0.2.6",
                "source-map": "0.1.34",
                "uglify-to-browserify": "~1.0.0",
                "yargs": "~3.5.4"
              },
              "dependencies": {
                "async": {
                  "version": "0.2.10",
                  "resolved": "https://registry.npmjs.org/async/-/async-0.2.10.tgz",
                  "integrity": "sha1-trvgsGdLnXGXCMo43owjfLUmw9E=",
                  "dev": true,
                  "optional": true
                },
                "source-map": {
                  "version": "0.1.34",
                  "resolved": "https://registry.npmjs.org/source-map/-/source-map-0.1.34.tgz",
                  "integrity": "sha1-p8/omux7FoLDsZjQrPtH19CQVms=",
                  "dev": true,
                  "optional": true,
                  "requires": {
                    "amdefine": ">=0.0.4"
                  },
                  "dependencies": {
                    "amdefine": {
                      "version": "1.0.0",
                      "resolved": "https://registry.npmjs.org/amdefine/-/amdefine-1.0.0.tgz",
                      "integrity": "sha1-/RdHRwDLXMnCtwnwvp0jzjwZjDM=",
                      "dev": true,
                      "optional": true
                    }
                  }
                },
                "uglify-to-browserify": {
                  "version": "1.0.2",
                  "resolved": "https://registry.npmjs.org/uglify-to-browserify/-/uglify-to-browserify-1.0.2.tgz",
                  "integrity": "sha1-bgkk1r2mta/jSeOabWMoUKD4grc=",
                  "dev": true,
                  "optional": true
                },
                "yargs": {
                  "version": "3.5.4",
                  "resolved": "https://registry.npmjs.org/yargs/-/yargs-3.5.4.tgz",
                  "integrity": "sha1-2K/49mXpTDS9JZvevRv68N3TU2E=",
                  "dev": true,
                  "optional": true,
                  "requires": {
                    "camelcase": "^1.0.2",
                    "decamelize": "^1.0.0",
                    "window-size": "0.1.0",
                    "wordwrap": "0.0.2"
                  },
                  "dependencies": {
                    "camelcase": {
                      "version": "1.2.1",
                      "resolved": "https://registry.npmjs.org/camelcase/-/camelcase-1.2.1.tgz",
                      "integrity": "sha1-m7UwTS4LVmmLLHWLCKPqqdqlijk=",
                      "dev": true,
                      "optional": true
                    },
                    "decamelize": {
                      "version": "1.1.1",
                      "resolved": "https://registry.npmjs.org/decamelize/-/decamelize-1.1.1.tgz",
                      "integrity": "sha1-iHFHmmwEh/VlPUipkvHQOBym8DE=",
                      "dev": true,
                      "optional": true
                    },
                    "window-size": {
                      "version": "0.1.0",
                      "resolved": "https://registry.npmjs.org/window-size/-/window-size-0.1.0.tgz",
                      "integrity": "sha1-VDjNLqk7IC76Ohn+iIeu58lPnJ0=",
                      "dev": true,
                      "optional": true
                    },
                    "wordwrap": {
                      "version": "0.0.2",
                      "resolved": "https://registry.npmjs.org/wordwrap/-/wordwrap-0.0.2.tgz",
                      "integrity": "sha1-t5Zpu0LstAn4PVg8rVLKF+qhZD8=",
                      "dev": true,
                      "optional": true
                    }
                  }
                }
              }
            }
          }
        },
        "js-yaml": {
          "version": "3.4.3",
          "resolved": "https://registry.npmjs.org/js-yaml/-/js-yaml-3.4.3.tgz",
          "integrity": "sha1-mMOj8Gvayd/CcP2RzsnZQ+Nkzs0=",
          "dev": true,
          "requires": {
            "argparse": "^1.0.2",
            "esprima": "^2.6.0"
          },
          "dependencies": {
            "argparse": {
              "version": "1.0.3",
              "resolved": "https://registry.npmjs.org/argparse/-/argparse-1.0.3.tgz",
              "integrity": "sha1-FDid7rDCj8TNqUBbn1MqTjeFzoQ=",
              "dev": true,
              "requires": {
                "lodash": ">= 3.2.0 < 4.0.0",
                "sprintf-js": "~1.0.2"
              },
              "dependencies": {
                "lodash": {
                  "version": "3.10.1",
                  "resolved": "https://registry.npmjs.org/lodash/-/lodash-3.10.1.tgz",
                  "integrity": "sha1-W/Rejkm6QYnhfUgnid/RW9FAt7Y=",
                  "dev": true
                },
                "sprintf-js": {
                  "version": "1.0.3",
                  "resolved": "https://registry.npmjs.org/sprintf-js/-/sprintf-js-1.0.3.tgz",
                  "integrity": "sha1-BOaSb2YolTVPPdAVIDYzuFcpfiw=",
                  "dev": true
                }
              }
            },
            "esprima": {
              "version": "2.7.0",
              "resolved": "https://registry.npmjs.org/esprima/-/esprima-2.7.0.tgz",
              "integrity": "sha1-dM+w5K5D8LgVQdzDAFD52ssfcH4=",
              "dev": true
            }
          }
        },
        "mkdirp": {
          "version": "0.5.1",
          "resolved": "https://registry.npmjs.org/mkdirp/-/mkdirp-0.5.1.tgz",
          "integrity": "sha1-MAV0OOrGz3+MR2fzhkjWaX11yQM=",
          "dev": true,
          "requires": {
            "minimist": "0.0.8"
          },
          "dependencies": {
            "minimist": {
              "version": "0.0.8",
              "resolved": "https://registry.npmjs.org/minimist/-/minimist-0.0.8.tgz",
              "integrity": "sha1-hX/Kv8M5fSYluCKCYuhqp6ARsF0=",
              "dev": true
            }
          }
        },
        "nopt": {
          "version": "3.0.4",
          "resolved": "https://registry.npmjs.org/nopt/-/nopt-3.0.4.tgz",
          "integrity": "sha1-3WO8nHKm5Ohbhc3AyjFFmPrO3l4=",
          "dev": true,
          "requires": {
            "abbrev": "1"
          }
        },
        "once": {
          "version": "1.3.2",
          "resolved": "https://registry.npmjs.org/once/-/once-1.3.2.tgz",
          "integrity": "sha1-2P7sqTsDnsHc3ud0HJK9rF4oCBs=",
          "dev": true,
          "requires": {
            "wrappy": "1"
          },
          "dependencies": {
            "wrappy": {
              "version": "1.0.1",
              "resolved": "https://registry.npmjs.org/wrappy/-/wrappy-1.0.1.tgz",
              "integrity": "sha1-HmWWmWXMvC20VIxrhKbyxa7dRzk=",
              "dev": true
            }
          }
        },
        "resolve": {
          "version": "1.1.6",
          "resolved": "https://registry.npmjs.org/resolve/-/resolve-1.1.6.tgz",
          "integrity": "sha1-00kq0FTKgA9b76YS5hvqwe7Jj48=",
          "dev": true
        },
        "supports-color": {
          "version": "3.1.2",
          "resolved": "https://registry.npmjs.org/supports-color/-/supports-color-3.1.2.tgz",
          "integrity": "sha1-cqJiiU2dQIuVbKBf83su2KbiotU=",
          "dev": true,
          "requires": {
            "has-flag": "^1.0.0"
          },
          "dependencies": {
            "has-flag": {
              "version": "1.0.0",
              "resolved": "https://registry.npmjs.org/has-flag/-/has-flag-1.0.0.tgz",
              "integrity": "sha1-nZ55MWXOAXoA8AQYxD+UKnsdEfo=",
              "dev": true
            }
          }
        },
        "which": {
          "version": "1.2.0",
          "resolved": "https://registry.npmjs.org/which/-/which-1.2.0.tgz",
          "integrity": "sha1-pcjfWrx5L2zpZSyNnKjzqRt35Z0=",
          "dev": true,
          "requires": {
            "is-absolute": "^0.1.7"
          },
          "dependencies": {
            "is-absolute": {
              "version": "0.1.7",
              "resolved": "https://registry.npmjs.org/is-absolute/-/is-absolute-0.1.7.tgz",
              "integrity": "sha1-hHSREZ/MtftDYhfMc39/qtUPYD8=",
              "dev": true,
              "requires": {
                "is-relative": "^0.1.0"
              },
              "dependencies": {
                "is-relative": {
                  "version": "0.1.3",
                  "resolved": "https://registry.npmjs.org/is-relative/-/is-relative-0.1.3.tgz",
                  "integrity": "sha1-kF/uiuhvRbPsYUvDwVyGnfCHboI=",
                  "dev": true
                }
              }
            }
          }
        },
        "wordwrap": {
          "version": "1.0.0",
          "resolved": "https://registry.npmjs.org/wordwrap/-/wordwrap-1.0.0.tgz",
          "integrity": "sha1-J1hIEIkUVqQXHI0CJkQa3pDLyus=",
          "dev": true
        }
      }
    },
    "longjohn": {
      "version": "0.2.4",
      "resolved": "https://registry.npmjs.org/longjohn/-/longjohn-0.2.4.tgz",
      "integrity": "sha1-SENqHzWedmb2eOIXDuH0O7qPi0w=",
      "dev": true
    },
    "mocha": {
      "version": "2.1.0",
      "resolved": "https://registry.npmjs.org/mocha/-/mocha-2.1.0.tgz",
      "integrity": "sha1-d3Uv5ZL7kJJ1aCevRs0+rhuDZxw=",
      "dev": true,
      "requires": {
        "commander": "2.3.0",
        "debug": "2.0.0",
        "diff": "1.0.8",
        "escape-string-regexp": "1.0.2",
        "glob": "3.2.3",
        "growl": "1.8.1",
        "jade": "0.26.3",
        "mkdirp": "0.5.0"
      },
      "dependencies": {
        "commander": {
          "version": "2.3.0",
          "resolved": "https://registry.npmjs.org/commander/-/commander-2.3.0.tgz",
          "integrity": "sha1-/UMOiJgy7DU7ms0d4hfBHLPu+HM=",
          "dev": true
        },
        "debug": {
          "version": "2.0.0",
          "resolved": "https://registry.npmjs.org/debug/-/debug-2.0.0.tgz",
          "integrity": "sha1-ib2d9nMrUSVrxnBTQrugLtEhMe8=",
          "dev": true,
          "requires": {
            "ms": "0.6.2"
          },
          "dependencies": {
            "ms": {
              "version": "0.6.2",
              "resolved": "https://registry.npmjs.org/ms/-/ms-0.6.2.tgz",
              "integrity": "sha1-2JwhJMb9wTU9Zai3e/GqxLGTcIw=",
              "dev": true
            }
          }
        },
        "diff": {
          "version": "1.0.8",
          "resolved": "https://registry.npmjs.org/diff/-/diff-1.0.8.tgz",
          "integrity": "sha1-NDJ2MI7Jkbe8giZ+1VvBQR+XFmY=",
          "dev": true
        },
        "escape-string-regexp": {
          "version": "1.0.2",
          "resolved": "https://registry.npmjs.org/escape-string-regexp/-/escape-string-regexp-1.0.2.tgz",
          "integrity": "sha1-Tbwv5nTnGUnK8/smlc5/LcHZqNE=",
          "dev": true
        },
        "glob": {
          "version": "3.2.3",
          "resolved": "https://registry.npmjs.org/glob/-/glob-3.2.3.tgz",
          "integrity": "sha1-4xPusknHr/qlxHUoaw4RW1mDlGc=",
          "dev": true,
          "requires": {
            "graceful-fs": "~2.0.0",
            "inherits": "2",
            "minimatch": "~0.2.11"
          },
          "dependencies": {
            "graceful-fs": {
              "version": "2.0.3",
              "resolved": "https://registry.npmjs.org/graceful-fs/-/graceful-fs-2.0.3.tgz",
              "integrity": "sha1-fNLNsiiko/Nule+mzBQt59GhNtA=",
              "dev": true
            },
            "inherits": {
              "version": "2.0.1",
              "resolved": "https://registry.npmjs.org/inherits/-/inherits-2.0.1.tgz",
              "integrity": "sha1-sX0I0ya0Qj5Wjv9xn5GwscvfafE=",
              "dev": true
            },
            "minimatch": {
              "version": "0.2.14",
              "resolved": "https://registry.npmjs.org/minimatch/-/minimatch-0.2.14.tgz",
              "integrity": "sha1-x054BXT2PG+aCQ6Q775u9TpqdWo=",
              "dev": true,
              "requires": {
                "lru-cache": "2",
                "sigmund": "~1.0.0"
              },
              "dependencies": {
                "lru-cache": {
                  "version": "2.5.0",
                  "resolved": "https://registry.npmjs.org/lru-cache/-/lru-cache-2.5.0.tgz",
                  "integrity": "sha1-2COIrpyWC+y+oMc7uet5tsbOmus=",
                  "dev": true
                },
                "sigmund": {
                  "version": "1.0.0",
                  "resolved": "https://registry.npmjs.org/sigmund/-/sigmund-1.0.0.tgz",
                  "integrity": "sha1-ZqKzp0mui1+4nv1PzAHclPvgIpY=",
                  "dev": true
                }
              }
            }
          }
        },
        "growl": {
          "version": "1.8.1",
          "resolved": "https://registry.npmjs.org/growl/-/growl-1.8.1.tgz",
          "integrity": "sha1-Sy3sjZB+k9szZiTc7AGDUC+MlCg=",
          "dev": true
        },
        "jade": {
          "version": "0.26.3",
          "resolved": "https://registry.npmjs.org/jade/-/jade-0.26.3.tgz",
          "integrity": "sha1-jxDXl32NefL2/4YqgbBRPMslaGw=",
          "dev": true,
          "requires": {
            "commander": "0.6.1",
            "mkdirp": "0.3.0"
          },
          "dependencies": {
            "commander": {
              "version": "0.6.1",
              "resolved": "https://registry.npmjs.org/commander/-/commander-0.6.1.tgz",
              "integrity": "sha1-+mihT2qUXVTbvlDYzbMyDp47GgY=",
              "dev": true
            },
            "mkdirp": {
              "version": "0.3.0",
              "resolved": "https://registry.npmjs.org/mkdirp/-/mkdirp-0.3.0.tgz",
              "integrity": "sha1-G79asbqCevI1dRQ0kEJkVfSB/h4=",
              "dev": true
            }
          }
        },
        "mkdirp": {
          "version": "0.5.0",
          "resolved": "https://registry.npmjs.org/mkdirp/-/mkdirp-0.5.0.tgz",
          "integrity": "sha1-HXMHam35hs2TROFecfzAWkyavxI=",
          "dev": true,
          "requires": {
            "minimist": "0.0.8"
          },
          "dependencies": {
            "minimist": {
              "version": "0.0.8",
              "resolved": "https://registry.npmjs.org/minimist/-/minimist-0.0.8.tgz",
              "integrity": "sha1-hX/Kv8M5fSYluCKCYuhqp6ARsF0=",
              "dev": true
            }
          }
        }
      }
    }
  }
}
